{
    "name": "react-bounty",
    "version": "1.0.0",
    "lockfileVersion": 1,
    "requires": true,
    "dependencies": {
        "bounty": {
            "version": "1.2.1",
            "resolved": "https://registry.npmjs.org/bounty/-/bounty-1.2.1.tgz",
            "integrity": "sha512-nWR5bvelNpcfANyY39H8oSx6sNfdD52T07V65Y+DvcXhBNlcztKlGEAUQjUYkUqc4f4I19rnABboAClJ/gYyuw=="
        }
    }
}
